
Microsoft Visual Studio Solution File, Format Version 12.00
# Visual Studio 15
VisualStudioVersion = 15.0.26124.0
MinimumVisualStudioVersion = 15.0.26124.0
Project("{9A19103F-16F7-4668-BE54-9A1E7A4F7556}") = "UserService", "UserService.csproj", "{DF3282AF-4E0A-48A3-BDD4-2437748D0358}"
EndProject
Project("{E53339B2-1760-4266-BCC7-CA923CBCF16C}") = "docker-compose", "docker-compose.dcproj", "{31CFF6A4-739B-45ED-9909-8A0392DCD2AB}"
EndProject
Global
	GlobalSection(SolutionConfigurationPlatforms) = preSolution
		Debug|Any CPU = Debug|Any CPU
		Debug|x64 = Debug|x64
		Debug|x86 = Debug|x86
		Release|Any CPU = Release|Any CPU
		Release|x64 = Release|x64
		Release|x86 = Release|x86
	EndGlobalSection
	GlobalSection(ProjectConfigurationPlatforms) = postSolution
		{DF3282AF-4E0A-48A3-BDD4-2437748D0358}.Debug|Any CPU.ActiveCfg = Debug|Any CPU
		{DF3282AF-4E0A-48A3-BDD4-2437748D0358}.Debug|Any CPU.Build.0 = Debug|Any CPU
		{DF3282AF-4E0A-48A3-BDD4-2437748D0358}.Debug|x64.ActiveCfg = Debug|Any CPU
		{DF3282AF-4E0A-48A3-BDD4-2437748D0358}.Debug|x64.Build.0 = Debug|Any CPU
		{DF3282AF-4E0A-48A3-BDD4-2437748D0358}.Debug|x86.ActiveCfg = Debug|Any CPU
		{DF3282AF-4E0A-48A3-BDD4-2437748D0358}.Debug|x86.Build.0 = Debug|Any CPU
		{DF3282AF-4E0A-48A3-BDD4-2437748D0358}.Release|Any CPU.ActiveCfg = Release|Any CPU
		{DF3282AF-4E0A-48A3-BDD4-2437748D0358}.Release|Any CPU.Build.0 = Release|Any CPU
		{DF3282AF-4E0A-48A3-BDD4-2437748D0358}.Release|x64.ActiveCfg = Release|Any CPU
		{DF3282AF-4E0A-48A3-BDD4-2437748D0358}.Release|x64.Build.0 = Release|Any CPU
		{DF3282AF-4E0A-48A3-BDD4-2437748D0358}.Release|x86.ActiveCfg = Release|Any CPU
		{DF3282AF-4E0A-48A3-BDD4-2437748D0358}.Release|x86.Build.0 = Release|Any CPU
		{31CFF6A4-739B-45ED-9909-8A0392DCD2AB}.Debug|Any CPU.ActiveCfg = Debug|Any CPU
		{31CFF6A4-739B-45ED-9909-8A0392DCD2AB}.Debug|Any CPU.Build.0 = Debug|Any CPU
		{31CFF6A4-739B-45ED-9909-8A0392DCD2AB}.Debug|x64.ActiveCfg = Debug|Any CPU
		{31CFF6A4-739B-45ED-9909-8A0392DCD2AB}.Debug|x64.Build.0 = Debug|Any CPU
		{31CFF6A4-739B-45ED-9909-8A0392DCD2AB}.Debug|x86.ActiveCfg = Debug|Any CPU
		{31CFF6A4-739B-45ED-9909-8A0392DCD2AB}.Debug|x86.Build.0 = Debug|Any CPU
		{31CFF6A4-739B-45ED-9909-8A0392DCD2AB}.Release|Any CPU.ActiveCfg = Release|Any CPU
		{31CFF6A4-739B-45ED-9909-8A0392DCD2AB}.Release|Any CPU.Build.0 = Release|Any CPU
		{31CFF6A4-739B-45ED-9909-8A0392DCD2AB}.Release|x64.ActiveCfg = Release|Any CPU
		{31CFF6A4-739B-45ED-9909-8A0392DCD2AB}.Release|x64.Build.0 = Release|Any CPU
		{31CFF6A4-739B-45ED-9909-8A0392DCD2AB}.Release|x86.ActiveCfg = Release|Any CPU
		{31CFF6A4-739B-45ED-9909-8A0392DCD2AB}.Release|x86.Build.0 = Release|Any CPU
	EndGlobalSection
	GlobalSection(SolutionProperties) = preSolution
		HideSolutionNode = FALSE
	EndGlobalSection
	GlobalSection(ExtensibilityGlobals) = postSolution
		SolutionGuid = {F6139091-365B-4A35-8B49-18DC3C8483E9}
	EndGlobalSection
EndGlobal
